
Microsoft Visual Studio Solution File, Format Version 12.00
# Visual Studio Version 17
VisualStudioVersion = 17.9.34616.47
MinimumVisualStudioVersion = 10.0.40219.1
Project("{FAE04EC0-301F-11D3-BF4B-00C04F79EFBC}") = "Project_B", "Project_B\Project_B.csproj", "{8DBB6985-BFBF-4FC5-AE09-AD69422F44EE}"
EndProject
Project("{FAE04EC0-301F-11D3-BF4B-00C04F79EFBC}") = "DataAccessLibrary", "DataAccessLibrary\DataAccessLibrary.csproj", "{F17DE768-6221-4B24-A588-F5DDEECF556E}"
EndProject
Global
	GlobalSection(SolutionConfigurationPlatforms) = preSolution
		Debug|Any CPU = Debug|Any CPU
		Release|Any CPU = Release|Any CPU
	EndGlobalSection
	GlobalSection(ProjectConfigurationPlatforms) = postSolution
		{8DBB6985-BFBF-4FC5-AE09-AD69422F44EE}.Debug|Any CPU.ActiveCfg = Debug|Any CPU
		{8DBB6985-BFBF-4FC5-AE09-AD69422F44EE}.Debug|Any CPU.Build.0 = Debug|Any CPU
		{8DBB6985-BFBF-4FC5-AE09-AD69422F44EE}.Release|Any CPU.ActiveCfg = Release|Any CPU
		{8DBB6985-BFBF-4FC5-AE09-AD69422F44EE}.Release|Any CPU.Build.0 = Release|Any CPU
		{CEDD665C-6DCA-4622-944F-9792773B4139}.Debug|Any CPU.ActiveCfg = Debug|Any CPU
		{CEDD665C-6DCA-4622-944F-9792773B4139}.Debug|Any CPU.Build.0 = Debug|Any CPU
		{CEDD665C-6DCA-4622-944F-9792773B4139}.Release|Any CPU.ActiveCfg = Release|Any CPU
		{CEDD665C-6DCA-4622-944F-9792773B4139}.Release|Any CPU.Build.0 = Release|Any CPU
		{F17DE768-6221-4B24-A588-F5DDEECF556E}.Debug|Any CPU.ActiveCfg = Debug|Any CPU
		{F17DE768-6221-4B24-A588-F5DDEECF556E}.Debug|Any CPU.Build.0 = Debug|Any CPU
		{F17DE768-6221-4B24-A588-F5DDEECF556E}.Release|Any CPU.ActiveCfg = Release|Any CPU
		{F17DE768-6221-4B24-A588-F5DDEECF556E}.Release|Any CPU.Build.0 = Release|Any CPU
	EndGlobalSection
	GlobalSection(SolutionProperties) = preSolution
		HideSolutionNode = FALSE
	EndGlobalSection
	GlobalSection(ExtensibilityGlobals) = postSolution
		SolutionGuid = {3F57F187-EE98-487C-B60A-0CEDA285E78D}
	EndGlobalSection
EndGlobal
