
Microsoft Visual Studio Solution File, Format Version 12.00
# Visual Studio Version 17
VisualStudioVersion = 17.5.002.0
MinimumVisualStudioVersion = 10.0.40219.1
Project("{9A19103F-16F7-4668-BE54-9A1E7A4F7556}") = "DataAccessLibraryTest", "DataAccessLibraryTest.csproj", "{4977A93F-B972-4D10-A5C1-1265F348EAF8}"
EndProject
Global
	GlobalSection(SolutionConfigurationPlatforms) = preSolution
		Debug|Any CPU = Debug|Any CPU
		Release|Any CPU = Release|Any CPU
	EndGlobalSection
	GlobalSection(ProjectConfigurationPlatforms) = postSolution
		{4977A93F-B972-4D10-A5C1-1265F348EAF8}.Debug|Any CPU.ActiveCfg = Debug|Any CPU
		{4977A93F-B972-4D10-A5C1-1265F348EAF8}.Debug|Any CPU.Build.0 = Debug|Any CPU
		{4977A93F-B972-4D10-A5C1-1265F348EAF8}.Release|Any CPU.ActiveCfg = Release|Any CPU
		{4977A93F-B972-4D10-A5C1-1265F348EAF8}.Release|Any CPU.Build.0 = Release|Any CPU
	EndGlobalSection
	GlobalSection(SolutionProperties) = preSolution
		HideSolutionNode = FALSE
	EndGlobalSection
	GlobalSection(ExtensibilityGlobals) = postSolution
		SolutionGuid = {13EC3FDC-CC91-476A-98BE-C3E45883CB39}
	EndGlobalSection
EndGlobal
